
Microsoft Visual Studio Solution File, Format Version 10.00
# Visual Basic Express 2008
Project("{F184B08F-C81C-45F6-A57F-5ABD9991F28F}") = "Ch02RichTextBoxes", "Ch02RichTextBoxes.vbproj", "{05831B28-AA5C-40C2-B02E-583C525A22AF}"
EndProject
Global
	GlobalSection(SolutionConfigurationPlatforms) = preSolution
		Debug|Any CPU = Debug|Any CPU
		Release|Any CPU = Release|Any CPU
	EndGlobalSection
	GlobalSection(ProjectConfigurationPlatforms) = postSolution
		{05831B28-AA5C-40C2-B02E-583C525A22AF}.Debug|Any CPU.ActiveCfg = Debug|Any CPU
		{05831B28-AA5C-40C2-B02E-583C525A22AF}.Debug|Any CPU.Build.0 = Debug|Any CPU
		{05831B28-AA5C-40C2-B02E-583C525A22AF}.Release|Any CPU.ActiveCfg = Release|Any CPU
		{05831B28-AA5C-40C2-B02E-583C525A22AF}.Release|Any CPU.Build.0 = Release|Any CPU
	EndGlobalSection
	GlobalSection(SolutionProperties) = preSolution
		HideSolutionNode = FALSE
	EndGlobalSection
EndGlobal
