
Microsoft Visual Studio Solution File, Format Version 10.00
# Visual Studio 2008
Project("{F184B08F-C81C-45F6-A57F-5ABD9991F28F}") = "HW2_Trenholm_JohnWilliam", "HW2_Trenholm_JohnWilliam\HW2_Trenholm_JohnWilliam.vbproj", "{79A427CE-7523-4941-AF79-16C15978BBAB}"
EndProject
Global
	GlobalSection(SolutionConfigurationPlatforms) = preSolution
		Debug|Any CPU = Debug|Any CPU
		Release|Any CPU = Release|Any CPU
	EndGlobalSection
	GlobalSection(ProjectConfigurationPlatforms) = postSolution
		{79A427CE-7523-4941-AF79-16C15978BBAB}.Debug|Any CPU.ActiveCfg = Debug|Any CPU
		{79A427CE-7523-4941-AF79-16C15978BBAB}.Debug|Any CPU.Build.0 = Debug|Any CPU
		{79A427CE-7523-4941-AF79-16C15978BBAB}.Release|Any CPU.ActiveCfg = Release|Any CPU
		{79A427CE-7523-4941-AF79-16C15978BBAB}.Release|Any CPU.Build.0 = Release|Any CPU
	EndGlobalSection
	GlobalSection(SolutionProperties) = preSolution
		HideSolutionNode = FALSE
	EndGlobalSection
EndGlobal
